
Microsoft Visual Studio Solution File, Format Version 12.00
# Visual Studio Version 17
VisualStudioVersion = 17.4.33213.308
MinimumVisualStudioVersion = 10.0.40219.1
Project("{2150E333-8FDC-42A3-9474-1A3956D46DE8}") = "Microservices", "Microservices", "{4E947E11-7379-42FE-A728-8BA10843889B}"
EndProject
Project("{FAE04EC0-301F-11D3-BF4B-00C04F79EFBC}") = "Users.Microservice", "Users.Microservice\Users.Microservice.csproj", "{D557FD48-8E45-46C8-8942-3858E7C73886}"
EndProject
Project("{FAE04EC0-301F-11D3-BF4B-00C04F79EFBC}") = "Gateway.CookUp", "Gateway.CookUp\Gateway.CookUp.csproj", "{8C32D9A2-4CCE-4EE1-B231-CC0E540E780F}"
EndProject
Global
	GlobalSection(SolutionConfigurationPlatforms) = preSolution
		Debug|Any CPU = Debug|Any CPU
		Release|Any CPU = Release|Any CPU
	EndGlobalSection
	GlobalSection(ProjectConfigurationPlatforms) = postSolution
		{D557FD48-8E45-46C8-8942-3858E7C73886}.Debug|Any CPU.ActiveCfg = Debug|Any CPU
		{D557FD48-8E45-46C8-8942-3858E7C73886}.Debug|Any CPU.Build.0 = Debug|Any CPU
		{D557FD48-8E45-46C8-8942-3858E7C73886}.Release|Any CPU.ActiveCfg = Release|Any CPU
		{D557FD48-8E45-46C8-8942-3858E7C73886}.Release|Any CPU.Build.0 = Release|Any CPU
		{D557FD48-8E45-46C8-8942-3858E7C73886}.Debug|Any CPU.Deploy.0 = Debug|Any CPU
		{8C32D9A2-4CCE-4EE1-B231-CC0E540E780F}.Debug|Any CPU.ActiveCfg = Debug|Any CPU
		{8C32D9A2-4CCE-4EE1-B231-CC0E540E780F}.Debug|Any CPU.Build.0 = Debug|Any CPU
		{8C32D9A2-4CCE-4EE1-B231-CC0E540E780F}.Release|Any CPU.ActiveCfg = Release|Any CPU
		{8C32D9A2-4CCE-4EE1-B231-CC0E540E780F}.Release|Any CPU.Build.0 = Release|Any CPU
		{8C32D9A2-4CCE-4EE1-B231-CC0E540E780F}.Debug|Any CPU.Deploy.0 = Debug|Any CPU
	EndGlobalSection
	GlobalSection(SolutionProperties) = preSolution
		HideSolutionNode = FALSE
	EndGlobalSection
	GlobalSection(NestedProjects) = preSolution
		{D557FD48-8E45-46C8-8942-3858E7C73886} = {4E947E11-7379-42FE-A728-8BA10843889B}
	EndGlobalSection
	GlobalSection(ExtensibilityGlobals) = postSolution
		SolutionGuid = {6A14EA9B-911F-4545-99BE-1AFA988779B4}
	EndGlobalSection
EndGlobal
